
Microsoft Visual Studio Solution File, Format Version 12.00
# Visual Studio Version 17
VisualStudioVersion = 17.4.33213.308
MinimumVisualStudioVersion = 10.0.40219.1
Project("{9A19103F-16F7-4668-BE54-9A1E7A4F7556}") = "BattleTaskApi", "BattleTaskApi.csproj", "{B33FD76D-3DD5-4312-BFC6-4EBAA1D3DBCA}"
EndProject
Global
	GlobalSection(SolutionConfigurationPlatforms) = preSolution
		Debug|Any CPU = Debug|Any CPU
		Release|Any CPU = Release|Any CPU
	EndGlobalSection
	GlobalSection(ProjectConfigurationPlatforms) = postSolution
		{B33FD76D-3DD5-4312-BFC6-4EBAA1D3DBCA}.Debug|Any CPU.ActiveCfg = Debug|Any CPU
		{B33FD76D-3DD5-4312-BFC6-4EBAA1D3DBCA}.Debug|Any CPU.Build.0 = Debug|Any CPU
		{B33FD76D-3DD5-4312-BFC6-4EBAA1D3DBCA}.Release|Any CPU.ActiveCfg = Release|Any CPU
		{B33FD76D-3DD5-4312-BFC6-4EBAA1D3DBCA}.Release|Any CPU.Build.0 = Release|Any CPU
	EndGlobalSection
	GlobalSection(SolutionProperties) = preSolution
		HideSolutionNode = FALSE
	EndGlobalSection
	GlobalSection(ExtensibilityGlobals) = postSolution
		SolutionGuid = {B6ECAA0E-653C-4034-B636-0E5202DFB1E8}
	EndGlobalSection
EndGlobal
